
Microsoft Visual Studio Solution File, Format Version 12.00
# Visual Studio Version 16
VisualStudioVersion = 16.0.29806.167
MinimumVisualStudioVersion = 10.0.40219.1
Project("{FAE04EC0-301F-11D3-BF4B-00C04F79EFBC}") = "MVC-Core-WebApplication", "MVC-Core-WebApplication\MVC-Core-WebApplication.csproj", "{4896BD8E-68BC-4E10-BABB-58B105B9F1DC}"
EndProject
Global
	GlobalSection(SolutionConfigurationPlatforms) = preSolution
		Debug|Any CPU = Debug|Any CPU
		Release|Any CPU = Release|Any CPU
	EndGlobalSection
	GlobalSection(ProjectConfigurationPlatforms) = postSolution
		{4896BD8E-68BC-4E10-BABB-58B105B9F1DC}.Debug|Any CPU.ActiveCfg = Debug|Any CPU
		{4896BD8E-68BC-4E10-BABB-58B105B9F1DC}.Debug|Any CPU.Build.0 = Debug|Any CPU
		{4896BD8E-68BC-4E10-BABB-58B105B9F1DC}.Release|Any CPU.ActiveCfg = Release|Any CPU
		{4896BD8E-68BC-4E10-BABB-58B105B9F1DC}.Release|Any CPU.Build.0 = Release|Any CPU
	EndGlobalSection
	GlobalSection(SolutionProperties) = preSolution
		HideSolutionNode = FALSE
	EndGlobalSection
	GlobalSection(ExtensibilityGlobals) = postSolution
		SolutionGuid = {1B1AB9B6-FC7F-4EAA-903B-554B44A1A6E1}
	EndGlobalSection
EndGlobal
